
Microsoft Visual Studio Solution File, Format Version 12.00
# Visual Studio Version 16
VisualStudioVersion = 16.0.29613.14
MinimumVisualStudioVersion = 10.0.40219.1
Project("{FAE04EC0-301F-11D3-BF4B-00C04F79EFBC}") = "eWaiter2.0", "eWaiter2.0\eWaiter2.0.csproj", "{9CCB0CFE-5C71-416F-B575-26F4904C6E7E}"
EndProject
Project("{FAE04EC0-301F-11D3-BF4B-00C04F79EFBC}") = "Contracts", "Contracts\Contracts.csproj", "{7D5A9520-D733-4987-8240-6BD4407A3759}"
EndProject
Project("{FAE04EC0-301F-11D3-BF4B-00C04F79EFBC}") = "LoggerService", "LoggerService\LoggerService.csproj", "{94C83E90-6329-4BFA-B253-A3191CEB212C}"
EndProject
Project("{FAE04EC0-301F-11D3-BF4B-00C04F79EFBC}") = "Entities", "Entities\Entities.csproj", "{AED369F7-DB34-4B5E-B502-E26EAA4F7053}"
EndProject
Project("{FAE04EC0-301F-11D3-BF4B-00C04F79EFBC}") = "Repository", "Repository\Repository.csproj", "{EAFFB4E3-53A0-42F1-A51B-0F417B159ECB}"
EndProject
Global
	GlobalSection(SolutionConfigurationPlatforms) = preSolution
		Debug|Any CPU = Debug|Any CPU
		Release|Any CPU = Release|Any CPU
	EndGlobalSection
	GlobalSection(ProjectConfigurationPlatforms) = postSolution
		{9CCB0CFE-5C71-416F-B575-26F4904C6E7E}.Debug|Any CPU.ActiveCfg = Debug|Any CPU
		{9CCB0CFE-5C71-416F-B575-26F4904C6E7E}.Debug|Any CPU.Build.0 = Debug|Any CPU
		{9CCB0CFE-5C71-416F-B575-26F4904C6E7E}.Release|Any CPU.ActiveCfg = Release|Any CPU
		{9CCB0CFE-5C71-416F-B575-26F4904C6E7E}.Release|Any CPU.Build.0 = Release|Any CPU
		{7D5A9520-D733-4987-8240-6BD4407A3759}.Debug|Any CPU.ActiveCfg = Debug|Any CPU
		{7D5A9520-D733-4987-8240-6BD4407A3759}.Debug|Any CPU.Build.0 = Debug|Any CPU
		{7D5A9520-D733-4987-8240-6BD4407A3759}.Release|Any CPU.ActiveCfg = Release|Any CPU
		{7D5A9520-D733-4987-8240-6BD4407A3759}.Release|Any CPU.Build.0 = Release|Any CPU
		{94C83E90-6329-4BFA-B253-A3191CEB212C}.Debug|Any CPU.ActiveCfg = Debug|Any CPU
		{94C83E90-6329-4BFA-B253-A3191CEB212C}.Debug|Any CPU.Build.0 = Debug|Any CPU
		{94C83E90-6329-4BFA-B253-A3191CEB212C}.Release|Any CPU.ActiveCfg = Release|Any CPU
		{94C83E90-6329-4BFA-B253-A3191CEB212C}.Release|Any CPU.Build.0 = Release|Any CPU
		{AED369F7-DB34-4B5E-B502-E26EAA4F7053}.Debug|Any CPU.ActiveCfg = Debug|Any CPU
		{AED369F7-DB34-4B5E-B502-E26EAA4F7053}.Debug|Any CPU.Build.0 = Debug|Any CPU
		{AED369F7-DB34-4B5E-B502-E26EAA4F7053}.Release|Any CPU.ActiveCfg = Release|Any CPU
		{AED369F7-DB34-4B5E-B502-E26EAA4F7053}.Release|Any CPU.Build.0 = Release|Any CPU
		{EAFFB4E3-53A0-42F1-A51B-0F417B159ECB}.Debug|Any CPU.ActiveCfg = Debug|Any CPU
		{EAFFB4E3-53A0-42F1-A51B-0F417B159ECB}.Debug|Any CPU.Build.0 = Debug|Any CPU
		{EAFFB4E3-53A0-42F1-A51B-0F417B159ECB}.Release|Any CPU.ActiveCfg = Release|Any CPU
		{EAFFB4E3-53A0-42F1-A51B-0F417B159ECB}.Release|Any CPU.Build.0 = Release|Any CPU
	EndGlobalSection
	GlobalSection(SolutionProperties) = preSolution
		HideSolutionNode = FALSE
	EndGlobalSection
	GlobalSection(ExtensibilityGlobals) = postSolution
		SolutionGuid = {1C1C9470-930F-44A4-9D1E-FDC1047F1255}
	EndGlobalSection
EndGlobal
